
Microsoft Visual Studio Solution File, Format Version 12.00
# Visual Studio Version 17
VisualStudioVersion = 17.11.35327.3
MinimumVisualStudioVersion = 10.0.40219.1
Project("{FAE04EC0-301F-11D3-BF4B-00C04F79EFBC}") = "Vendor_Invoice_System_ImprovedVersion", "Vendor_Invoice_System_ImprovedVersion\Vendor_Invoice_System_ImprovedVersion.csproj", "{CE88E000-5BC5-4281-927F-0C3863384CBB}"
EndProject
Project("{FAE04EC0-301F-11D3-BF4B-00C04F79EFBC}") = "TestProject1", "TestProject1\TestProject1.csproj", "{0529660D-C89C-4718-942E-17A7D0834F72}"
EndProject
Global
	GlobalSection(SolutionConfigurationPlatforms) = preSolution
		Debug|Any CPU = Debug|Any CPU
		Release|Any CPU = Release|Any CPU
	EndGlobalSection
	GlobalSection(ProjectConfigurationPlatforms) = postSolution
		{CE88E000-5BC5-4281-927F-0C3863384CBB}.Debug|Any CPU.ActiveCfg = Debug|Any CPU
		{CE88E000-5BC5-4281-927F-0C3863384CBB}.Debug|Any CPU.Build.0 = Debug|Any CPU
		{CE88E000-5BC5-4281-927F-0C3863384CBB}.Release|Any CPU.ActiveCfg = Release|Any CPU
		{CE88E000-5BC5-4281-927F-0C3863384CBB}.Release|Any CPU.Build.0 = Release|Any CPU
		{0529660D-C89C-4718-942E-17A7D0834F72}.Debug|Any CPU.ActiveCfg = Debug|Any CPU
		{0529660D-C89C-4718-942E-17A7D0834F72}.Debug|Any CPU.Build.0 = Debug|Any CPU
		{0529660D-C89C-4718-942E-17A7D0834F72}.Release|Any CPU.ActiveCfg = Release|Any CPU
		{0529660D-C89C-4718-942E-17A7D0834F72}.Release|Any CPU.Build.0 = Release|Any CPU
	EndGlobalSection
	GlobalSection(SolutionProperties) = preSolution
		HideSolutionNode = FALSE
	EndGlobalSection
	GlobalSection(ExtensibilityGlobals) = postSolution
		SolutionGuid = {95C4494B-5FFC-47A9-9954-560563B8B500}
	EndGlobalSection
EndGlobal
