
Microsoft Visual Studio Solution File, Format Version 12.00
# Visual Studio Version 17
VisualStudioVersion = 17.14.36401.2 d17.14
MinimumVisualStudioVersion = 10.0.40219.1
Project("{FAE04EC0-301F-11D3-BF4B-00C04F79EFBC}") = "MyMathClassLibrary", "MyMathClassLibrary\MyMathClassLibrary.csproj", "{358C8BF3-B02C-40D3-8BD0-AC3E38B59F96}"
EndProject
Global
	GlobalSection(SolutionConfigurationPlatforms) = preSolution
		Debug|Any CPU = Debug|Any CPU
		Release|Any CPU = Release|Any CPU
	EndGlobalSection
	GlobalSection(ProjectConfigurationPlatforms) = postSolution
		{358C8BF3-B02C-40D3-8BD0-AC3E38B59F96}.Debug|Any CPU.ActiveCfg = Debug|Any CPU
		{358C8BF3-B02C-40D3-8BD0-AC3E38B59F96}.Debug|Any CPU.Build.0 = Debug|Any CPU
		{358C8BF3-B02C-40D3-8BD0-AC3E38B59F96}.Release|Any CPU.ActiveCfg = Release|Any CPU
		{358C8BF3-B02C-40D3-8BD0-AC3E38B59F96}.Release|Any CPU.Build.0 = Release|Any CPU
	EndGlobalSection
	GlobalSection(SolutionProperties) = preSolution
		HideSolutionNode = FALSE
	EndGlobalSection
	GlobalSection(ExtensibilityGlobals) = postSolution
		SolutionGuid = {34C2AAFA-5FE3-4EE9-A9B3-5148A0CF8902}
	EndGlobalSection
EndGlobal
