
Microsoft Visual Studio Solution File, Format Version 12.00
# Visual Studio Version 17
VisualStudioVersion = 17.11.35303.130
MinimumVisualStudioVersion = 10.0.40219.1
Project("{9A19103F-16F7-4668-BE54-9A1E7A4F7556}") = "EmployeeLeaveManagement_G1", "EmployeeLeaveManagement_G1\EmployeeLeaveManagement_G1.csproj", "{22FEDB69-032B-48DB-9894-B5AED3157F3D}"
EndProject
Project("{FAE04EC0-301F-11D3-BF4B-00C04F79EFBC}") = "LeaveSystem.Tests", "LeaveSystem.Tests\LeaveSystem.Tests.csproj", "{CD2ED771-3FFC-475B-97BB-B1A249E870F7}"
EndProject
Global
	GlobalSection(SolutionConfigurationPlatforms) = preSolution
		Debug|Any CPU = Debug|Any CPU
		Release|Any CPU = Release|Any CPU
	EndGlobalSection
	GlobalSection(ProjectConfigurationPlatforms) = postSolution
		{22FEDB69-032B-48DB-9894-B5AED3157F3D}.Debug|Any CPU.ActiveCfg = Debug|Any CPU
		{22FEDB69-032B-48DB-9894-B5AED3157F3D}.Debug|Any CPU.Build.0 = Debug|Any CPU
		{22FEDB69-032B-48DB-9894-B5AED3157F3D}.Release|Any CPU.ActiveCfg = Release|Any CPU
		{22FEDB69-032B-48DB-9894-B5AED3157F3D}.Release|Any CPU.Build.0 = Release|Any CPU
		{CD2ED771-3FFC-475B-97BB-B1A249E870F7}.Debug|Any CPU.ActiveCfg = Debug|Any CPU
		{CD2ED771-3FFC-475B-97BB-B1A249E870F7}.Debug|Any CPU.Build.0 = Debug|Any CPU
		{CD2ED771-3FFC-475B-97BB-B1A249E870F7}.Release|Any CPU.ActiveCfg = Release|Any CPU
		{CD2ED771-3FFC-475B-97BB-B1A249E870F7}.Release|Any CPU.Build.0 = Release|Any CPU
	EndGlobalSection
	GlobalSection(SolutionProperties) = preSolution
		HideSolutionNode = FALSE
	EndGlobalSection
	GlobalSection(ExtensibilityGlobals) = postSolution
		SolutionGuid = {DA60E125-4249-49FD-896E-8786327EB2C8}
	EndGlobalSection
EndGlobal
